
Microsoft Visual Studio Solution File, Format Version 12.00
# Visual Studio 2013
VisualStudioVersion = 12.0.40629.0
MinimumVisualStudioVersion = 10.0.40219.1
Project("{FAE04EC0-301F-11D3-BF4B-00C04F79EFBC}") = "IconicTile", "IconicTile\IconicTile.csproj", "{FC0A557C-52DF-4FD5-971D-545362C59FF1}"
EndProject
Project("{FAE04EC0-301F-11D3-BF4B-00C04F79EFBC}") = "FlipTile", "FlipTile\FlipTile.csproj", "{CE284236-E909-46A8-8A56-3B9DBF087790}"
EndProject
Project("{FAE04EC0-301F-11D3-BF4B-00C04F79EFBC}") = "App1", "App1\App1.csproj", "{836310B7-20BF-4660-BBAC-566F5EE07CBE}"
EndProject
Project("{FAE04EC0-301F-11D3-BF4B-00C04F79EFBC}") = "Calendar", "Calendar\Calendar.csproj", "{B1A71005-8D4A-46C2-AFB6-2B8EDF13CB00}"
EndProject
Global
	GlobalSection(SolutionConfigurationPlatforms) = preSolution
		Debug|Any CPU = Debug|Any CPU
		Debug|ARM = Debug|ARM
		Debug|x86 = Debug|x86
		Release|Any CPU = Release|Any CPU
		Release|ARM = Release|ARM
		Release|x86 = Release|x86
	EndGlobalSection
	GlobalSection(ProjectConfigurationPlatforms) = postSolution
		{FC0A557C-52DF-4FD5-971D-545362C59FF1}.Debug|Any CPU.ActiveCfg = Debug|Any CPU
		{FC0A557C-52DF-4FD5-971D-545362C59FF1}.Debug|Any CPU.Build.0 = Debug|Any CPU
		{FC0A557C-52DF-4FD5-971D-545362C59FF1}.Debug|Any CPU.Deploy.0 = Debug|Any CPU
		{FC0A557C-52DF-4FD5-971D-545362C59FF1}.Debug|ARM.ActiveCfg = Debug|ARM
		{FC0A557C-52DF-4FD5-971D-545362C59FF1}.Debug|ARM.Build.0 = Debug|ARM
		{FC0A557C-52DF-4FD5-971D-545362C59FF1}.Debug|ARM.Deploy.0 = Debug|ARM
		{FC0A557C-52DF-4FD5-971D-545362C59FF1}.Debug|x86.ActiveCfg = Debug|x86
		{FC0A557C-52DF-4FD5-971D-545362C59FF1}.Debug|x86.Build.0 = Debug|x86
		{FC0A557C-52DF-4FD5-971D-545362C59FF1}.Debug|x86.Deploy.0 = Debug|x86
		{FC0A557C-52DF-4FD5-971D-545362C59FF1}.Release|Any CPU.ActiveCfg = Release|Any CPU
		{FC0A557C-52DF-4FD5-971D-545362C59FF1}.Release|Any CPU.Build.0 = Release|Any CPU
		{FC0A557C-52DF-4FD5-971D-545362C59FF1}.Release|Any CPU.Deploy.0 = Release|Any CPU
		{FC0A557C-52DF-4FD5-971D-545362C59FF1}.Release|ARM.ActiveCfg = Release|ARM
		{FC0A557C-52DF-4FD5-971D-545362C59FF1}.Release|ARM.Build.0 = Release|ARM
		{FC0A557C-52DF-4FD5-971D-545362C59FF1}.Release|ARM.Deploy.0 = Release|ARM
		{FC0A557C-52DF-4FD5-971D-545362C59FF1}.Release|x86.ActiveCfg = Release|x86
		{FC0A557C-52DF-4FD5-971D-545362C59FF1}.Release|x86.Build.0 = Release|x86
		{FC0A557C-52DF-4FD5-971D-545362C59FF1}.Release|x86.Deploy.0 = Release|x86
		{CE284236-E909-46A8-8A56-3B9DBF087790}.Debug|Any CPU.ActiveCfg = Debug|Any CPU
		{CE284236-E909-46A8-8A56-3B9DBF087790}.Debug|Any CPU.Build.0 = Debug|Any CPU
		{CE284236-E909-46A8-8A56-3B9DBF087790}.Debug|Any CPU.Deploy.0 = Debug|Any CPU
		{CE284236-E909-46A8-8A56-3B9DBF087790}.Debug|ARM.ActiveCfg = Debug|ARM
		{CE284236-E909-46A8-8A56-3B9DBF087790}.Debug|ARM.Build.0 = Debug|ARM
		{CE284236-E909-46A8-8A56-3B9DBF087790}.Debug|ARM.Deploy.0 = Debug|ARM
		{CE284236-E909-46A8-8A56-3B9DBF087790}.Debug|x86.ActiveCfg = Debug|x86
		{CE284236-E909-46A8-8A56-3B9DBF087790}.Debug|x86.Build.0 = Debug|x86
		{CE284236-E909-46A8-8A56-3B9DBF087790}.Debug|x86.Deploy.0 = Debug|x86
		{CE284236-E909-46A8-8A56-3B9DBF087790}.Release|Any CPU.ActiveCfg = Release|Any CPU
		{CE284236-E909-46A8-8A56-3B9DBF087790}.Release|Any CPU.Build.0 = Release|Any CPU
		{CE284236-E909-46A8-8A56-3B9DBF087790}.Release|Any CPU.Deploy.0 = Release|Any CPU
		{CE284236-E909-46A8-8A56-3B9DBF087790}.Release|ARM.ActiveCfg = Release|ARM
		{CE284236-E909-46A8-8A56-3B9DBF087790}.Release|ARM.Build.0 = Release|ARM
		{CE284236-E909-46A8-8A56-3B9DBF087790}.Release|ARM.Deploy.0 = Release|ARM
		{CE284236-E909-46A8-8A56-3B9DBF087790}.Release|x86.ActiveCfg = Release|x86
		{CE284236-E909-46A8-8A56-3B9DBF087790}.Release|x86.Build.0 = Release|x86
		{CE284236-E909-46A8-8A56-3B9DBF087790}.Release|x86.Deploy.0 = Release|x86
		{836310B7-20BF-4660-BBAC-566F5EE07CBE}.Debug|Any CPU.ActiveCfg = Debug|Any CPU
		{836310B7-20BF-4660-BBAC-566F5EE07CBE}.Debug|Any CPU.Build.0 = Debug|Any CPU
		{836310B7-20BF-4660-BBAC-566F5EE07CBE}.Debug|Any CPU.Deploy.0 = Debug|Any CPU
		{836310B7-20BF-4660-BBAC-566F5EE07CBE}.Debug|ARM.ActiveCfg = Debug|ARM
		{836310B7-20BF-4660-BBAC-566F5EE07CBE}.Debug|ARM.Build.0 = Debug|ARM
		{836310B7-20BF-4660-BBAC-566F5EE07CBE}.Debug|ARM.Deploy.0 = Debug|ARM
		{836310B7-20BF-4660-BBAC-566F5EE07CBE}.Debug|x86.ActiveCfg = Debug|x86
		{836310B7-20BF-4660-BBAC-566F5EE07CBE}.Debug|x86.Build.0 = Debug|x86
		{836310B7-20BF-4660-BBAC-566F5EE07CBE}.Debug|x86.Deploy.0 = Debug|x86
		{836310B7-20BF-4660-BBAC-566F5EE07CBE}.Release|Any CPU.ActiveCfg = Release|Any CPU
		{836310B7-20BF-4660-BBAC-566F5EE07CBE}.Release|Any CPU.Build.0 = Release|Any CPU
		{836310B7-20BF-4660-BBAC-566F5EE07CBE}.Release|Any CPU.Deploy.0 = Release|Any CPU
		{836310B7-20BF-4660-BBAC-566F5EE07CBE}.Release|ARM.ActiveCfg = Release|ARM
		{836310B7-20BF-4660-BBAC-566F5EE07CBE}.Release|ARM.Build.0 = Release|ARM
		{836310B7-20BF-4660-BBAC-566F5EE07CBE}.Release|ARM.Deploy.0 = Release|ARM
		{836310B7-20BF-4660-BBAC-566F5EE07CBE}.Release|x86.ActiveCfg = Release|x86
		{836310B7-20BF-4660-BBAC-566F5EE07CBE}.Release|x86.Build.0 = Release|x86
		{836310B7-20BF-4660-BBAC-566F5EE07CBE}.Release|x86.Deploy.0 = Release|x86
		{B1A71005-8D4A-46C2-AFB6-2B8EDF13CB00}.Debug|Any CPU.ActiveCfg = Debug|Any CPU
		{B1A71005-8D4A-46C2-AFB6-2B8EDF13CB00}.Debug|Any CPU.Build.0 = Debug|Any CPU
		{B1A71005-8D4A-46C2-AFB6-2B8EDF13CB00}.Debug|Any CPU.Deploy.0 = Debug|Any CPU
		{B1A71005-8D4A-46C2-AFB6-2B8EDF13CB00}.Debug|ARM.ActiveCfg = Debug|ARM
		{B1A71005-8D4A-46C2-AFB6-2B8EDF13CB00}.Debug|ARM.Build.0 = Debug|ARM
		{B1A71005-8D4A-46C2-AFB6-2B8EDF13CB00}.Debug|ARM.Deploy.0 = Debug|ARM
		{B1A71005-8D4A-46C2-AFB6-2B8EDF13CB00}.Debug|x86.ActiveCfg = Debug|x86
		{B1A71005-8D4A-46C2-AFB6-2B8EDF13CB00}.Debug|x86.Build.0 = Debug|x86
		{B1A71005-8D4A-46C2-AFB6-2B8EDF13CB00}.Debug|x86.Deploy.0 = Debug|x86
		{B1A71005-8D4A-46C2-AFB6-2B8EDF13CB00}.Release|Any CPU.ActiveCfg = Release|Any CPU
		{B1A71005-8D4A-46C2-AFB6-2B8EDF13CB00}.Release|Any CPU.Build.0 = Release|Any CPU
		{B1A71005-8D4A-46C2-AFB6-2B8EDF13CB00}.Release|Any CPU.Deploy.0 = Release|Any CPU
		{B1A71005-8D4A-46C2-AFB6-2B8EDF13CB00}.Release|ARM.ActiveCfg = Release|ARM
		{B1A71005-8D4A-46C2-AFB6-2B8EDF13CB00}.Release|ARM.Build.0 = Release|ARM
		{B1A71005-8D4A-46C2-AFB6-2B8EDF13CB00}.Release|ARM.Deploy.0 = Release|ARM
		{B1A71005-8D4A-46C2-AFB6-2B8EDF13CB00}.Release|x86.ActiveCfg = Release|x86
		{B1A71005-8D4A-46C2-AFB6-2B8EDF13CB00}.Release|x86.Build.0 = Release|x86
		{B1A71005-8D4A-46C2-AFB6-2B8EDF13CB00}.Release|x86.Deploy.0 = Release|x86
	EndGlobalSection
	GlobalSection(SolutionProperties) = preSolution
		HideSolutionNode = FALSE
	EndGlobalSection
EndGlobal
